// !$*UTF8*$!
{
	archiveVersion = 1;
	classes = {
	};
	objectVersion = 51;
	objects = {

/* Begin PBXBuildFile section */
		3209A76525E34945008B6C76 /* PhotoDetailVC.swift in Sources */ = {isa = PBXBuildFile; fileRef = 3209A76425E34945008B6C76 /* PhotoDetailVC.swift */; };
		4536217825E1784500C4B45A /* GradingInventoryScanVC.swift in Sources */ = {isa = PBXBuildFile; fileRef = 4536217725E1784500C4B45A /* GradingInventoryScanVC.swift */; };
		4536217E25E17A7900C4B45A /* SquareView.swift in Sources */ = {isa = PBXBuildFile; fileRef = 4536217D25E17A7900C4B45A /* SquareView.swift */; };
		453D0F6F25E13D3000F9F220 /* GradingDefectInfoVC.swift in Sources */ = {isa = PBXBuildFile; fileRef = 453D0F6E25E13D3000F9F220 /* GradingDefectInfoVC.swift */; };
		453D0F7425E14A6000F9F220 /* GradingDefectIemVC.swift in Sources */ = {isa = PBXBuildFile; fileRef = 453D0F7325E14A6000F9F220 /* GradingDefectIemVC.swift */; };
		453D0F8225E1596D00F9F220 /* GradingVC.swift in Sources */ = {isa = PBXBuildFile; fileRef = 453D0F8125E1596D00F9F220 /* GradingVC.swift */; };
		453D0F8525E1684700F9F220 /* GradingInfoVC.swift in Sources */ = {isa = PBXBuildFile; fileRef = 453D0F8425E1684700F9F220 /* GradingInfoVC.swift */; };
		453D0F8A25E16BDE00F9F220 /* GradingItemVC.swift in Sources */ = {isa = PBXBuildFile; fileRef = 453D0F8925E16BDE00F9F220 /* GradingItemVC.swift */; };
		454CB78725EED263009EA5CD /* CustomTrackingSlider.swift in Sources */ = {isa = PBXBuildFile; fileRef = 454CB78625EED262009EA5CD /* CustomTrackingSlider.swift */; };
		4568EF5B25E2EA7D00ED477D /* GradingPhotoGuideVC.swift in Sources */ = {isa = PBXBuildFile; fileRef = 4568EF5A25E2EA7D00ED477D /* GradingPhotoGuideVC.swift */; };
		4568EF5E25E2EEE000ED477D /* GuidePhotoItemVC.swift in Sources */ = {isa = PBXBuildFile; fileRef = 4568EF5D25E2EEE000ED477D /* GuidePhotoItemVC.swift */; };
		4568EF6325E3044D00ED477D /* GradingPhotosVC.swift in Sources */ = {isa = PBXBuildFile; fileRef = 4568EF6225E3044D00ED477D /* GradingPhotosVC.swift */; };
		4568EF7325E3089E00ED477D /* GradingPhotoCell.swift in Sources */ = {isa = PBXBuildFile; fileRef = 4568EF7225E3089E00ED477D /* GradingPhotoCell.swift */; };
		45760C4925E10A89000E7C3D /* GradingProductVC.swift in Sources */ = {isa = PBXBuildFile; fileRef = 45760C4825E10A89000E7C3D /* GradingProductVC.swift */; };
		45760C5625E1242D000E7C3D /* GradingDefectVC.swift in Sources */ = {isa = PBXBuildFile; fileRef = 45760C5525E1242D000E7C3D /* GradingDefectVC.swift */; };
		457C07C525E0F78800DE22CA /* GradingInventoryVC.swift in Sources */ = {isa = PBXBuildFile; fileRef = 457C07C425E0F78800DE22CA /* GradingInventoryVC.swift */; };
		457EF60225E09D290051AF10 /* LocationCell.swift in Sources */ = {isa = PBXBuildFile; fileRef = 457EF5F525E09D290051AF10 /* LocationCell.swift */; };
		457EF60325E09D290051AF10 /* LocationNotesCell.swift in Sources */ = {isa = PBXBuildFile; fileRef = 457EF5F625E09D290051AF10 /* LocationNotesCell.swift */; };
		457EF60425E09D290051AF10 /* LocationDetailVC.swift in Sources */ = {isa = PBXBuildFile; fileRef = 457EF5F725E09D290051AF10 /* LocationDetailVC.swift */; };
		457EF60525E09D290051AF10 /* AddLocationPhotoVC.swift in Sources */ = {isa = PBXBuildFile; fileRef = 457EF5F925E09D290051AF10 /* AddLocationPhotoVC.swift */; };
		457EF60625E09D290051AF10 /* PhotoControlVC.swift in Sources */ = {isa = PBXBuildFile; fileRef = 457EF5FA25E09D290051AF10 /* PhotoControlVC.swift */; };
		457EF60725E09D290051AF10 /* PhotoReviewVC.swift in Sources */ = {isa = PBXBuildFile; fileRef = 457EF5FB25E09D290051AF10 /* PhotoReviewVC.swift */; };
		457EF60825E09D290051AF10 /* AddAppointVC.swift in Sources */ = {isa = PBXBuildFile; fileRef = 457EF5FD25E09D290051AF10 /* AddAppointVC.swift */; };
		457EF60925E09D290051AF10 /* ScheduleCell.swift in Sources */ = {isa = PBXBuildFile; fileRef = 457EF5FF25E09D290051AF10 /* ScheduleCell.swift */; };
		457EF60A25E09D290051AF10 /* ScheduleDetailVC.swift in Sources */ = {isa = PBXBuildFile; fileRef = 457EF60025E09D290051AF10 /* ScheduleDetailVC.swift */; };
		457EF60B25E09D290051AF10 /* ScheduleVC.swift in Sources */ = {isa = PBXBuildFile; fileRef = 457EF60125E09D290051AF10 /* ScheduleVC.swift */; };
		4589020125E295970049C6CD /* GradingMaterialCaptureVC.swift in Sources */ = {isa = PBXBuildFile; fileRef = 4589020025E295970049C6CD /* GradingMaterialCaptureVC.swift */; };
		45E3C0F725E3E91200B55B76 /* ProductTypeVC.swift in Sources */ = {isa = PBXBuildFile; fileRef = FC13AC4E25E27FB60098E50C /* ProductTypeVC.swift */; };
		45E3C0F925E3E92000B55B76 /* PhotoPreviewVC.swift in Sources */ = {isa = PBXBuildFile; fileRef = 4568EF7625E31AE600ED477D /* PhotoPreviewVC.swift */; };
		B75BE0B925F5BA8200DD0E65 /* GoogleService-Info.plist in Resources */ = {isa = PBXBuildFile; fileRef = B75BE0B825F5BA8100DD0E65 /* GoogleService-Info.plist */; };
		B761D12625E8A63400ADD391 /* StringExtensions.swift in Sources */ = {isa = PBXBuildFile; fileRef = B761D12525E8A63400ADD391 /* StringExtensions.swift */; };
		B761D12925E8A88D00ADD391 /* PercentTextField.swift in Sources */ = {isa = PBXBuildFile; fileRef = B761D12825E8A88D00ADD391 /* PercentTextField.swift */; };
		B7691D2425E351EB00CAA999 /* UITabelViewExtensions.swift in Sources */ = {isa = PBXBuildFile; fileRef = B7691D2325E351EB00CAA999 /* UITabelViewExtensions.swift */; };
		B7691D2725E3520C00CAA999 /* UICollectionViewExtensions.swift in Sources */ = {isa = PBXBuildFile; fileRef = B7691D2625E3520C00CAA999 /* UICollectionViewExtensions.swift */; };
		B7691D3025E3662D00CAA999 /* GradingProcessLabManualViewController.swift in Sources */ = {isa = PBXBuildFile; fileRef = B7691D2F25E3662D00CAA999 /* GradingProcessLabManualViewController.swift */; };
		B7691D3525E366CC00CAA999 /* CanvasView.swift in Sources */ = {isa = PBXBuildFile; fileRef = B7691D3425E366CC00CAA999 /* CanvasView.swift */; };
		B7802FF925E3989300D47C4A /* Toast.swift in Sources */ = {isa = PBXBuildFile; fileRef = B7802FF825E3989300D47C4A /* Toast.swift */; };
		B79773B025DF7F3300DBE149 /* Colors.xcassets in Resources */ = {isa = PBXBuildFile; fileRef = B79773AF25DF7F3300DBE149 /* Colors.xcassets */; };
		B79773B325DF98E700DBE149 /* UIViewControllerExtensions.swift in Sources */ = {isa = PBXBuildFile; fileRef = B79773B225DF98E700DBE149 /* UIViewControllerExtensions.swift */; };
		B79773B625DF98EE00DBE149 /* UIColorExtension+Helpers.swift in Sources */ = {isa = PBXBuildFile; fileRef = B79773B525DF98EE00DBE149 /* UIColorExtension+Helpers.swift */; };
		B79773BF25DF9B2300DBE149 /* ProximaNova-Bold.ttf in Resources */ = {isa = PBXBuildFile; fileRef = B79773BB25DF9B2300DBE149 /* ProximaNova-Bold.ttf */; };
		B79773C025DF9B2300DBE149 /* ProximaNova-Semibold.ttf in Resources */ = {isa = PBXBuildFile; fileRef = B79773BC25DF9B2300DBE149 /* ProximaNova-Semibold.ttf */; };
		B79773C125DF9B2300DBE149 /* ProximaNova-Regular.ttf in Resources */ = {isa = PBXBuildFile; fileRef = B79773BD25DF9B2300DBE149 /* ProximaNova-Regular.ttf */; };
		B79773C225DF9B2300DBE149 /* ProximaNova-Thin.ttf in Resources */ = {isa = PBXBuildFile; fileRef = B79773BE25DF9B2300DBE149 /* ProximaNova-Thin.ttf */; };
		B79773C525DF9CF200DBE149 /* UIFontExtestion+Heplers.swift in Sources */ = {isa = PBXBuildFile; fileRef = B79773C425DF9CF200DBE149 /* UIFontExtestion+Heplers.swift */; };
		B79773C925DFA10B00DBE149 /* GradingProcessLabSeletedViewController.swift in Sources */ = {isa = PBXBuildFile; fileRef = B79773C825DFA10B00DBE149 /* GradingProcessLabSeletedViewController.swift */; };
		B79773CD25DFA11C00DBE149 /* GradingProcessViewController.swift in Sources */ = {isa = PBXBuildFile; fileRef = B79773CC25DFA11C00DBE149 /* GradingProcessViewController.swift */; };
		B79773D225DFA54400DBE149 /* BaseNavigationController.swift in Sources */ = {isa = PBXBuildFile; fileRef = B79773D125DFA54400DBE149 /* BaseNavigationController.swift */; };
		B79773D625DFB07400DBE149 /* GradingProcessLabPhotoViewController.swift in Sources */ = {isa = PBXBuildFile; fileRef = B79773D525DFB07400DBE149 /* GradingProcessLabPhotoViewController.swift */; };
		B79773D925DFB08D00DBE149 /* GradingProcessLabPhotoPreviewViewController.swift in Sources */ = {isa = PBXBuildFile; fileRef = B79773D825DFB08D00DBE149 /* GradingProcessLabPhotoPreviewViewController.swift */; };
		B79773DD25DFB26B00DBE149 /* CameraController.swift in Sources */ = {isa = PBXBuildFile; fileRef = B79773DC25DFB26B00DBE149 /* CameraController.swift */; };
		B79773E225DFB7B800DBE149 /* ImagePicker.swift in Sources */ = {isa = PBXBuildFile; fileRef = B79773E125DFB7B700DBE149 /* ImagePicker.swift */; };
		B79773E525DFBA7600DBE149 /* GradingProcessLabDataViewController.swift in Sources */ = {isa = PBXBuildFile; fileRef = B79773E425DFBA7600DBE149 /* GradingProcessLabDataViewController.swift */; };
		B79773E825DFBA8800DBE149 /* GradingProcessAppraisalViewController.swift in Sources */ = {isa = PBXBuildFile; fileRef = B79773E725DFBA8800DBE149 /* GradingProcessAppraisalViewController.swift */; };
		B79773EB25DFBA9800DBE149 /* LotCompleteViewController.swift in Sources */ = {isa = PBXBuildFile; fileRef = B79773EA25DFBA9800DBE149 /* LotCompleteViewController.swift */; };
		B79773EE25DFBAAA00DBE149 /* DuplicateInventoryViewController.swift in Sources */ = {isa = PBXBuildFile; fileRef = B79773ED25DFBAAA00DBE149 /* DuplicateInventoryViewController.swift */; };
		B79773F225DFBD4C00DBE149 /* CustomView.swift in Sources */ = {isa = PBXBuildFile; fileRef = B79773F125DFBD4C00DBE149 /* CustomView.swift */; };
		B79773F625DFBD5300DBE149 /* CustomLabel.swift in Sources */ = {isa = PBXBuildFile; fileRef = B79773F425DFBD5300DBE149 /* CustomLabel.swift */; };
		B79773F725DFBD5300DBE149 /* CustomButton.swift in Sources */ = {isa = PBXBuildFile; fileRef = B79773F525DFBD5300DBE149 /* CustomButton.swift */; };
		B79773FA25DFBD6600DBE149 /* CustomTextField.swift in Sources */ = {isa = PBXBuildFile; fileRef = B79773F925DFBD6600DBE149 /* CustomTextField.swift */; };
		BC774DF525CF6AC40052B4EA /* Schedule.swift in Sources */ = {isa = PBXBuildFile; fileRef = BC774DF425CF6AC40052B4EA /* Schedule.swift */; };
		BCE06F6E25CE6C8B0071CD3C /* AppDelegate.swift in Sources */ = {isa = PBXBuildFile; fileRef = BCE06F6D25CE6C8B0071CD3C /* AppDelegate.swift */; };
		BCE06F7525CE6C8B0071CD3C /* Schedule.storyboard in Resources */ = {isa = PBXBuildFile; fileRef = BCE06F7325CE6C8B0071CD3C /* Schedule.storyboard */; };
		BCE06F7725CE6C8D0071CD3C /* Assets.xcassets in Resources */ = {isa = PBXBuildFile; fileRef = BCE06F7625CE6C8D0071CD3C /* Assets.xcassets */; };
		BCE06F7A25CE6C8D0071CD3C /* LaunchScreen.storyboard in Resources */ = {isa = PBXBuildFile; fileRef = BCE06F7825CE6C8D0071CD3C /* LaunchScreen.storyboard */; };
		BCE06F8925CE6E070071CD3C /* LoginVC.swift in Sources */ = {isa = PBXBuildFile; fileRef = BCE06F8825CE6E070071CD3C /* LoginVC.swift */; };
		BCE06F8D25CE6E650071CD3C /* Account.storyboard in Resources */ = {isa = PBXBuildFile; fileRef = BCE06F8C25CE6E650071CD3C /* Account.storyboard */; };
		BCE06FB525CE8AF00071CD3C /* OnboardVC.swift in Sources */ = {isa = PBXBuildFile; fileRef = BCE06FB425CE8AF00071CD3C /* OnboardVC.swift */; };
		BCE06FD425CEC3C40071CD3C /* Utility.swift in Sources */ = {isa = PBXBuildFile; fileRef = BCE06FD325CEC3C40071CD3C /* Utility.swift */; };
		BCE06FDC25CEC5E20071CD3C /* TabBarController.storyboard in Resources */ = {isa = PBXBuildFile; fileRef = BCE06FDA25CEC5E20071CD3C /* TabBarController.storyboard */; };
		BCE06FDD25CEC5E20071CD3C /* TabBarController.swift in Sources */ = {isa = PBXBuildFile; fileRef = BCE06FDB25CEC5E20071CD3C /* TabBarController.swift */; };
		BCE06FF625CED1EF0071CD3C /* SuppliersVC.swift in Sources */ = {isa = PBXBuildFile; fileRef = BCE06FF525CED1EF0071CD3C /* SuppliersVC.swift */; };
		BCE06FFB25CED2060071CD3C /* InventoryVC.swift in Sources */ = {isa = PBXBuildFile; fileRef = BCE06FFA25CED2050071CD3C /* InventoryVC.swift */; };
		BCE06FFF25CED2200071CD3C /* Suppliers.storyboard in Resources */ = {isa = PBXBuildFile; fileRef = BCE06FFE25CED2200071CD3C /* Suppliers.storyboard */; };
		BCE0700225CED22B0071CD3C /* Inventory.storyboard in Resources */ = {isa = PBXBuildFile; fileRef = BCE0700125CED22B0071CD3C /* Inventory.storyboard */; };
		BD2980A2305323FDCFBE20C4 /* Pods_Grading.framework in Frameworks */ = {isa = PBXBuildFile; fileRef = 0AC86CB41FEF82E4BB0BD3AE /* Pods_Grading.framework */; };
		FC13AC4C25E27C490098E50C /* WMSegment.swift in Sources */ = {isa = PBXBuildFile; fileRef = FC13AC4B25E27C480098E50C /* WMSegment.swift */; };
		FC13AC5225E28C710098E50C /* ProductTypeCell.swift in Sources */ = {isa = PBXBuildFile; fileRef = FC13AC5125E28C710098E50C /* ProductTypeCell.swift */; };
		FC20CF3325FDD6A1007D96E5 /* Inventory.swift in Sources */ = {isa = PBXBuildFile; fileRef = FC20CF3225FDD6A1007D96E5 /* Inventory.swift */; };
		FC24506025FC92EF0086B600 /* GradingRequestService.swift in Sources */ = {isa = PBXBuildFile; fileRef = FC24505225FC92EF0086B600 /* GradingRequestService.swift */; };
		FC24506125FC92EF0086B600 /* RequestInfo.swift in Sources */ = {isa = PBXBuildFile; fileRef = FC24505325FC92EF0086B600 /* RequestInfo.swift */; };
		FC24508C25FC9E1F0086B600 /* AppService.swift in Sources */ = {isa = PBXBuildFile; fileRef = FC24508B25FC9E1F0086B600 /* AppService.swift */; };
		FC2450CB25FCA6400086B600 /* Supplier.swift in Sources */ = {isa = PBXBuildFile; fileRef = FC2450CA25FCA6400086B600 /* Supplier.swift */; };
		FC2450CF25FCC02B0086B600 /* SupplierProfileCell.swift in Sources */ = {isa = PBXBuildFile; fileRef = FC2450CD25FCC02A0086B600 /* SupplierProfileCell.swift */; };
		FC50E71425E29F7100062210 /* SortTypeVC.swift in Sources */ = {isa = PBXBuildFile; fileRef = FC50E71325E29F7100062210 /* SortTypeVC.swift */; };
		FC60C17525E2160500EA251A /* InventoryCell.swift in Sources */ = {isa = PBXBuildFile; fileRef = FC60C17425E2160500EA251A /* InventoryCell.swift */; };
		FC60C17925E2160F00EA251A /* SupplierProfileVC.swift in Sources */ = {isa = PBXBuildFile; fileRef = FC60C17725E2160F00EA251A /* SupplierProfileVC.swift */; };
		FC60C17A25E2160F00EA251A /* SupplierDetailVC.swift in Sources */ = {isa = PBXBuildFile; fileRef = FC60C17825E2160F00EA251A /* SupplierDetailVC.swift */; };
		FC60C17D25E2345600EA251A /* ProductDetailVC.swift in Sources */ = {isa = PBXBuildFile; fileRef = FC60C17C25E2345600EA251A /* ProductDetailVC.swift */; };
		FC60C18025E2403E00EA251A /* FilterInventoryVC.swift in Sources */ = {isa = PBXBuildFile; fileRef = FC60C17F25E2403E00EA251A /* FilterInventoryVC.swift */; };
		FC6F764A25FF02DC00145C21 /* SoldTypeVC.swift in Sources */ = {isa = PBXBuildFile; fileRef = FC6F764725FF02DC00145C21 /* SoldTypeVC.swift */; };
		FC6F764B25FF02DC00145C21 /* FilterTypeVC.swift in Sources */ = {isa = PBXBuildFile; fileRef = FC6F764825FF02DC00145C21 /* FilterTypeVC.swift */; };
		FC79604225FD1C6A008FB9C9 /* Faq.swift in Sources */ = {isa = PBXBuildFile; fileRef = FC79604125FD1C6A008FB9C9 /* Faq.swift */; };
		FC79604725FD2314008FB9C9 /* User.swift in Sources */ = {isa = PBXBuildFile; fileRef = FC79604625FD2314008FB9C9 /* User.swift */; };
		FCA992DD25E2CD0A00E05207 /* UIKits.swift in Sources */ = {isa = PBXBuildFile; fileRef = FCA992DC25E2CD0900E05207 /* UIKits.swift */; };
		FCE2A8F725E02D91001CF1EA /* SettingVC.swift in Sources */ = {isa = PBXBuildFile; fileRef = FCE2A8E725E02D91001CF1EA /* SettingVC.swift */; };
		FCE2A8F825E02D91001CF1EA /* SettingVC.xib in Resources */ = {isa = PBXBuildFile; fileRef = FCE2A8E825E02D91001CF1EA /* SettingVC.xib */; };
		FCE2A8F925E02D91001CF1EA /* BaseVC.swift in Sources */ = {isa = PBXBuildFile; fileRef = FCE2A8E925E02D91001CF1EA /* BaseVC.swift */; };
		FCE2A8FA25E02D91001CF1EA /* FaqVC.xib in Resources */ = {isa = PBXBuildFile; fileRef = FCE2A8EB25E02D91001CF1EA /* FaqVC.xib */; };
		FCE2A8FB25E02D91001CF1EA /* FaqCell.swift in Sources */ = {isa = PBXBuildFile; fileRef = FCE2A8ED25E02D91001CF1EA /* FaqCell.swift */; };
		FCE2A8FC25E02D91001CF1EA /* FaqCell.xib in Resources */ = {isa = PBXBuildFile; fileRef = FCE2A8EE25E02D91001CF1EA /* FaqCell.xib */; };
		FCE2A8FD25E02D91001CF1EA /* FaqVC.swift in Sources */ = {isa = PBXBuildFile; fileRef = FCE2A8EF25E02D91001CF1EA /* FaqVC.swift */; };
		FCE2A8FE25E02D91001CF1EA /* ContactVC.xib in Resources */ = {isa = PBXBuildFile; fileRef = FCE2A8F125E02D91001CF1EA /* ContactVC.xib */; };
		FCE2A8FF25E02D91001CF1EA /* ContactVC.swift in Sources */ = {isa = PBXBuildFile; fileRef = FCE2A8F225E02D91001CF1EA /* ContactVC.swift */; };
		FCE2A90025E02D91001CF1EA /* ProfileInfoVC.xib in Resources */ = {isa = PBXBuildFile; fileRef = FCE2A8F425E02D91001CF1EA /* ProfileInfoVC.xib */; };
		FCE2A90125E02D91001CF1EA /* ProfileInfoVC.swift in Sources */ = {isa = PBXBuildFile; fileRef = FCE2A8F525E02D91001CF1EA /* ProfileInfoVC.swift */; };
		FCE2A90525E02D9F001CF1EA /* SupplierCell.swift in Sources */ = {isa = PBXBuildFile; fileRef = FCE2A90325E02D9F001CF1EA /* SupplierCell.swift */; };
		FCE2A90625E02D9F001CF1EA /* SupplierHeaderCell.swift in Sources */ = {isa = PBXBuildFile; fileRef = FCE2A90425E02D9F001CF1EA /* SupplierHeaderCell.swift */; };
/* End PBXBuildFile section */

/* Begin PBXFileReference section */
		0AC86CB41FEF82E4BB0BD3AE /* Pods_Grading.framework */ = {isa = PBXFileReference; explicitFileType = wrapper.framework; includeInIndex = 0; path = Pods_Grading.framework; sourceTree = BUILT_PRODUCTS_DIR; };
		3209A76425E34945008B6C76 /* PhotoDetailVC.swift */ = {isa = PBXFileReference; fileEncoding = 4; lastKnownFileType = sourcecode.swift; path = PhotoDetailVC.swift; sourceTree = "<group>"; };
		4536217725E1784500C4B45A /* GradingInventoryScanVC.swift */ = {isa = PBXFileReference; lastKnownFileType = sourcecode.swift; path = GradingInventoryScanVC.swift; sourceTree = "<group>"; };
		4536217D25E17A7900C4B45A /* SquareView.swift */ = {isa = PBXFileReference; fileEncoding = 4; lastKnownFileType = sourcecode.swift; path = SquareView.swift; sourceTree = "<group>"; };
		453D0F6E25E13D3000F9F220 /* GradingDefectInfoVC.swift */ = {isa = PBXFileReference; lastKnownFileType = sourcecode.swift; path = GradingDefectInfoVC.swift; sourceTree = "<group>"; };
		453D0F7325E14A6000F9F220 /* GradingDefectIemVC.swift */ = {isa = PBXFileReference; lastKnownFileType = sourcecode.swift; path = GradingDefectIemVC.swift; sourceTree = "<group>"; };
		453D0F8125E1596D00F9F220 /* GradingVC.swift */ = {isa = PBXFileReference; lastKnownFileType = sourcecode.swift; path = GradingVC.swift; sourceTree = "<group>"; };
		453D0F8425E1684700F9F220 /* GradingInfoVC.swift */ = {isa = PBXFileReference; lastKnownFileType = sourcecode.swift; path = GradingInfoVC.swift; sourceTree = "<group>"; };
		453D0F8925E16BDE00F9F220 /* GradingItemVC.swift */ = {isa = PBXFileReference; lastKnownFileType = sourcecode.swift; path = GradingItemVC.swift; sourceTree = "<group>"; };
		454CB78625EED262009EA5CD /* CustomTrackingSlider.swift */ = {isa = PBXFileReference; fileEncoding = 4; lastKnownFileType = sourcecode.swift; path = CustomTrackingSlider.swift; sourceTree = "<group>"; };
		4568EF5A25E2EA7D00ED477D /* GradingPhotoGuideVC.swift */ = {isa = PBXFileReference; lastKnownFileType = sourcecode.swift; path = GradingPhotoGuideVC.swift; sourceTree = "<group>"; };
		4568EF5D25E2EEE000ED477D /* GuidePhotoItemVC.swift */ = {isa = PBXFileReference; lastKnownFileType = sourcecode.swift; path = GuidePhotoItemVC.swift; sourceTree = "<group>"; };
		4568EF6225E3044D00ED477D /* GradingPhotosVC.swift */ = {isa = PBXFileReference; lastKnownFileType = sourcecode.swift; path = GradingPhotosVC.swift; sourceTree = "<group>"; };
		4568EF7225E3089E00ED477D /* GradingPhotoCell.swift */ = {isa = PBXFileReference; lastKnownFileType = sourcecode.swift; path = GradingPhotoCell.swift; sourceTree = "<group>"; };
		4568EF7625E31AE600ED477D /* PhotoPreviewVC.swift */ = {isa = PBXFileReference; lastKnownFileType = sourcecode.swift; path = PhotoPreviewVC.swift; sourceTree = "<group>"; };
		45760C4825E10A89000E7C3D /* GradingProductVC.swift */ = {isa = PBXFileReference; lastKnownFileType = sourcecode.swift; path = GradingProductVC.swift; sourceTree = "<group>"; };
		45760C5525E1242D000E7C3D /* GradingDefectVC.swift */ = {isa = PBXFileReference; lastKnownFileType = sourcecode.swift; path = GradingDefectVC.swift; sourceTree = "<group>"; };
		457C07C425E0F78800DE22CA /* GradingInventoryVC.swift */ = {isa = PBXFileReference; lastKnownFileType = sourcecode.swift; path = GradingInventoryVC.swift; sourceTree = "<group>"; };
		457EF5F525E09D290051AF10 /* LocationCell.swift */ = {isa = PBXFileReference; fileEncoding = 4; lastKnownFileType = sourcecode.swift; path = LocationCell.swift; sourceTree = "<group>"; };
		457EF5F625E09D290051AF10 /* LocationNotesCell.swift */ = {isa = PBXFileReference; fileEncoding = 4; lastKnownFileType = sourcecode.swift; path = LocationNotesCell.swift; sourceTree = "<group>"; };
		457EF5F725E09D290051AF10 /* LocationDetailVC.swift */ = {isa = PBXFileReference; fileEncoding = 4; lastKnownFileType = sourcecode.swift; path = LocationDetailVC.swift; sourceTree = "<group>"; };
		457EF5F925E09D290051AF10 /* AddLocationPhotoVC.swift */ = {isa = PBXFileReference; fileEncoding = 4; lastKnownFileType = sourcecode.swift; path = AddLocationPhotoVC.swift; sourceTree = "<group>"; };
		457EF5FA25E09D290051AF10 /* PhotoControlVC.swift */ = {isa = PBXFileReference; fileEncoding = 4; lastKnownFileType = sourcecode.swift; path = PhotoControlVC.swift; sourceTree = "<group>"; };
		457EF5FB25E09D290051AF10 /* PhotoReviewVC.swift */ = {isa = PBXFileReference; fileEncoding = 4; lastKnownFileType = sourcecode.swift; path = PhotoReviewVC.swift; sourceTree = "<group>"; };
		457EF5FD25E09D290051AF10 /* AddAppointVC.swift */ = {isa = PBXFileReference; fileEncoding = 4; lastKnownFileType = sourcecode.swift; path = AddAppointVC.swift; sourceTree = "<group>"; };
		457EF5FF25E09D290051AF10 /* ScheduleCell.swift */ = {isa = PBXFileReference; fileEncoding = 4; lastKnownFileType = sourcecode.swift; path = ScheduleCell.swift; sourceTree = "<group>"; };
		457EF60025E09D290051AF10 /* ScheduleDetailVC.swift */ = {isa = PBXFileReference; fileEncoding = 4; lastKnownFileType = sourcecode.swift; path = ScheduleDetailVC.swift; sourceTree = "<group>"; };
		457EF60125E09D290051AF10 /* ScheduleVC.swift */ = {isa = PBXFileReference; fileEncoding = 4; lastKnownFileType = sourcecode.swift; path = ScheduleVC.swift; sourceTree = "<group>"; };
		4589020025E295970049C6CD /* GradingMaterialCaptureVC.swift */ = {isa = PBXFileReference; lastKnownFileType = sourcecode.swift; path = GradingMaterialCaptureVC.swift; sourceTree = "<group>"; };
		B6CAD70A6D5AA3171A28B25E /* Pods-Grading.release.xcconfig */ = {isa = PBXFileReference; includeInIndex = 1; lastKnownFileType = text.xcconfig; name = "Pods-Grading.release.xcconfig"; path = "Target Support Files/Pods-Grading/Pods-Grading.release.xcconfig"; sourceTree = "<group>"; };
		B75BE0B825F5BA8100DD0E65 /* GoogleService-Info.plist */ = {isa = PBXFileReference; fileEncoding = 4; lastKnownFileType = text.plist.xml; path = "GoogleService-Info.plist"; sourceTree = "<group>"; };
		B761D12525E8A63400ADD391 /* StringExtensions.swift */ = {isa = PBXFileReference; lastKnownFileType = sourcecode.swift; path = StringExtensions.swift; sourceTree = "<group>"; };
		B761D12825E8A88D00ADD391 /* PercentTextField.swift */ = {isa = PBXFileReference; lastKnownFileType = sourcecode.swift; path = PercentTextField.swift; sourceTree = "<group>"; };
		B7691D2325E351EB00CAA999 /* UITabelViewExtensions.swift */ = {isa = PBXFileReference; fileEncoding = 4; lastKnownFileType = sourcecode.swift; path = UITabelViewExtensions.swift; sourceTree = "<group>"; };
		B7691D2625E3520C00CAA999 /* UICollectionViewExtensions.swift */ = {isa = PBXFileReference; fileEncoding = 4; lastKnownFileType = sourcecode.swift; path = UICollectionViewExtensions.swift; sourceTree = "<group>"; };
		B7691D2F25E3662D00CAA999 /* GradingProcessLabManualViewController.swift */ = {isa = PBXFileReference; lastKnownFileType = sourcecode.swift; path = GradingProcessLabManualViewController.swift; sourceTree = "<group>"; };
		B7691D3425E366CC00CAA999 /* CanvasView.swift */ = {isa = PBXFileReference; lastKnownFileType = sourcecode.swift; path = CanvasView.swift; sourceTree = "<group>"; };
		B7802FF825E3989300D47C4A /* Toast.swift */ = {isa = PBXFileReference; fileEncoding = 4; lastKnownFileType = sourcecode.swift; path = Toast.swift; sourceTree = "<group>"; };
		B79773AF25DF7F3300DBE149 /* Colors.xcassets */ = {isa = PBXFileReference; lastKnownFileType = folder.assetcatalog; path = Colors.xcassets; sourceTree = "<group>"; };
		B79773B225DF98E700DBE149 /* UIViewControllerExtensions.swift */ = {isa = PBXFileReference; fileEncoding = 4; lastKnownFileType = sourcecode.swift; path = UIViewControllerExtensions.swift; sourceTree = "<group>"; };
		B79773B525DF98EE00DBE149 /* UIColorExtension+Helpers.swift */ = {isa = PBXFileReference; fileEncoding = 4; lastKnownFileType = sourcecode.swift; path = "UIColorExtension+Helpers.swift"; sourceTree = "<group>"; };
		B79773BB25DF9B2300DBE149 /* ProximaNova-Bold.ttf */ = {isa = PBXFileReference; lastKnownFileType = file; path = "ProximaNova-Bold.ttf"; sourceTree = "<group>"; };
		B79773BC25DF9B2300DBE149 /* ProximaNova-Semibold.ttf */ = {isa = PBXFileReference; lastKnownFileType = file; path = "ProximaNova-Semibold.ttf"; sourceTree = "<group>"; };
		B79773BD25DF9B2300DBE149 /* ProximaNova-Regular.ttf */ = {isa = PBXFileReference; lastKnownFileType = file; path = "ProximaNova-Regular.ttf"; sourceTree = "<group>"; };
		B79773BE25DF9B2300DBE149 /* ProximaNova-Thin.ttf */ = {isa = PBXFileReference; lastKnownFileType = file; path = "ProximaNova-Thin.ttf"; sourceTree = "<group>"; };
		B79773C425DF9CF200DBE149 /* UIFontExtestion+Heplers.swift */ = {isa = PBXFileReference; fileEncoding = 4; lastKnownFileType = sourcecode.swift; path = "UIFontExtestion+Heplers.swift"; sourceTree = "<group>"; };
		B79773C825DFA10B00DBE149 /* GradingProcessLabSeletedViewController.swift */ = {isa = PBXFileReference; lastKnownFileType = sourcecode.swift; path = GradingProcessLabSeletedViewController.swift; sourceTree = "<group>"; };
		B79773CC25DFA11C00DBE149 /* GradingProcessViewController.swift */ = {isa = PBXFileReference; lastKnownFileType = sourcecode.swift; path = GradingProcessViewController.swift; sourceTree = "<group>"; };
		B79773D125DFA54400DBE149 /* BaseNavigationController.swift */ = {isa = PBXFileReference; lastKnownFileType = sourcecode.swift; path = BaseNavigationController.swift; sourceTree = "<group>"; };
		B79773D525DFB07400DBE149 /* GradingProcessLabPhotoViewController.swift */ = {isa = PBXFileReference; lastKnownFileType = sourcecode.swift; path = GradingProcessLabPhotoViewController.swift; sourceTree = "<group>"; };
		B79773D825DFB08D00DBE149 /* GradingProcessLabPhotoPreviewViewController.swift */ = {isa = PBXFileReference; lastKnownFileType = sourcecode.swift; path = GradingProcessLabPhotoPreviewViewController.swift; sourceTree = "<group>"; };
		B79773DC25DFB26B00DBE149 /* CameraController.swift */ = {isa = PBXFileReference; fileEncoding = 4; lastKnownFileType = sourcecode.swift; path = CameraController.swift; sourceTree = "<group>"; };
		B79773E125DFB7B700DBE149 /* ImagePicker.swift */ = {isa = PBXFileReference; fileEncoding = 4; lastKnownFileType = sourcecode.swift; path = ImagePicker.swift; sourceTree = "<group>"; };
		B79773E425DFBA7600DBE149 /* GradingProcessLabDataViewController.swift */ = {isa = PBXFileReference; lastKnownFileType = sourcecode.swift; path = GradingProcessLabDataViewController.swift; sourceTree = "<group>"; };
		B79773E725DFBA8800DBE149 /* GradingProcessAppraisalViewController.swift */ = {isa = PBXFileReference; lastKnownFileType = sourcecode.swift; path = GradingProcessAppraisalViewController.swift; sourceTree = "<group>"; };
		B79773EA25DFBA9800DBE149 /* LotCompleteViewController.swift */ = {isa = PBXFileReference; lastKnownFileType = sourcecode.swift; path = LotCompleteViewController.swift; sourceTree = "<group>"; };
		B79773ED25DFBAAA00DBE149 /* DuplicateInventoryViewController.swift */ = {isa = PBXFileReference; lastKnownFileType = sourcecode.swift; path = DuplicateInventoryViewController.swift; sourceTree = "<group>"; };
		B79773F125DFBD4C00DBE149 /* CustomView.swift */ = {isa = PBXFileReference; fileEncoding = 4; lastKnownFileType = sourcecode.swift; path = CustomView.swift; sourceTree = "<group>"; };
		B79773F425DFBD5300DBE149 /* CustomLabel.swift */ = {isa = PBXFileReference; fileEncoding = 4; lastKnownFileType = sourcecode.swift; path = CustomLabel.swift; sourceTree = "<group>"; };
		B79773F525DFBD5300DBE149 /* CustomButton.swift */ = {isa = PBXFileReference; fileEncoding = 4; lastKnownFileType = sourcecode.swift; path = CustomButton.swift; sourceTree = "<group>"; };
		B79773F925DFBD6600DBE149 /* CustomTextField.swift */ = {isa = PBXFileReference; fileEncoding = 4; lastKnownFileType = sourcecode.swift; path = CustomTextField.swift; sourceTree = "<group>"; };
		BC774DF425CF6AC40052B4EA /* Schedule.swift */ = {isa = PBXFileReference; lastKnownFileType = sourcecode.swift; path = Schedule.swift; sourceTree = "<group>"; };
		BCE06F6A25CE6C8B0071CD3C /* Grading.app */ = {isa = PBXFileReference; explicitFileType = wrapper.application; includeInIndex = 0; path = Grading.app; sourceTree = BUILT_PRODUCTS_DIR; };
		BCE06F6D25CE6C8B0071CD3C /* AppDelegate.swift */ = {isa = PBXFileReference; lastKnownFileType = sourcecode.swift; path = AppDelegate.swift; sourceTree = "<group>"; };
		BCE06F7425CE6C8B0071CD3C /* Base */ = {isa = PBXFileReference; lastKnownFileType = file.storyboard; name = Base; path = Base.lproj/Schedule.storyboard; sourceTree = "<group>"; };
		BCE06F7625CE6C8D0071CD3C /* Assets.xcassets */ = {isa = PBXFileReference; lastKnownFileType = folder.assetcatalog; path = Assets.xcassets; sourceTree = "<group>"; };
		BCE06F7925CE6C8D0071CD3C /* Base */ = {isa = PBXFileReference; lastKnownFileType = file.storyboard; name = Base; path = Base.lproj/LaunchScreen.storyboard; sourceTree = "<group>"; };
		BCE06F7B25CE6C8D0071CD3C /* Info.plist */ = {isa = PBXFileReference; lastKnownFileType = text.plist.xml; path = Info.plist; sourceTree = "<group>"; };
		BCE06F8825CE6E070071CD3C /* LoginVC.swift */ = {isa = PBXFileReference; lastKnownFileType = sourcecode.swift; path = LoginVC.swift; sourceTree = "<group>"; };
		BCE06F8C25CE6E650071CD3C /* Account.storyboard */ = {isa = PBXFileReference; lastKnownFileType = file.storyboard; path = Account.storyboard; sourceTree = "<group>"; };
		BCE06FB425CE8AF00071CD3C /* OnboardVC.swift */ = {isa = PBXFileReference; lastKnownFileType = sourcecode.swift; path = OnboardVC.swift; sourceTree = "<group>"; };
		BCE06FD325CEC3C40071CD3C /* Utility.swift */ = {isa = PBXFileReference; lastKnownFileType = sourcecode.swift; path = Utility.swift; sourceTree = "<group>"; };
		BCE06FDA25CEC5E20071CD3C /* TabBarController.storyboard */ = {isa = PBXFileReference; fileEncoding = 4; lastKnownFileType = file.storyboard; path = TabBarController.storyboard; sourceTree = "<group>"; };
		BCE06FDB25CEC5E20071CD3C /* TabBarController.swift */ = {isa = PBXFileReference; fileEncoding = 4; lastKnownFileType = sourcecode.swift; path = TabBarController.swift; sourceTree = "<group>"; };
		BCE06FF525CED1EF0071CD3C /* SuppliersVC.swift */ = {isa = PBXFileReference; lastKnownFileType = sourcecode.swift; path = SuppliersVC.swift; sourceTree = "<group>"; };
		BCE06FFA25CED2050071CD3C /* InventoryVC.swift */ = {isa = PBXFileReference; lastKnownFileType = sourcecode.swift; path = InventoryVC.swift; sourceTree = "<group>"; };
		BCE06FFE25CED2200071CD3C /* Suppliers.storyboard */ = {isa = PBXFileReference; lastKnownFileType = file.storyboard; path = Suppliers.storyboard; sourceTree = "<group>"; };
		BCE0700125CED22B0071CD3C /* Inventory.storyboard */ = {isa = PBXFileReference; lastKnownFileType = file.storyboard; path = Inventory.storyboard; sourceTree = "<group>"; };
		EE23D3ABD36EED13EED82D01 /* Pods-Grading.debug.xcconfig */ = {isa = PBXFileReference; includeInIndex = 1; lastKnownFileType = text.xcconfig; name = "Pods-Grading.debug.xcconfig"; path = "Target Support Files/Pods-Grading/Pods-Grading.debug.xcconfig"; sourceTree = "<group>"; };
		FC13AC4B25E27C480098E50C /* WMSegment.swift */ = {isa = PBXFileReference; fileEncoding = 4; lastKnownFileType = sourcecode.swift; path = WMSegment.swift; sourceTree = "<group>"; };
		FC13AC4E25E27FB60098E50C /* ProductTypeVC.swift */ = {isa = PBXFileReference; lastKnownFileType = sourcecode.swift; path = ProductTypeVC.swift; sourceTree = "<group>"; };
		FC13AC5125E28C710098E50C /* ProductTypeCell.swift */ = {isa = PBXFileReference; lastKnownFileType = sourcecode.swift; path = ProductTypeCell.swift; sourceTree = "<group>"; };
		FC20CF3225FDD6A1007D96E5 /* Inventory.swift */ = {isa = PBXFileReference; lastKnownFileType = sourcecode.swift; path = Inventory.swift; sourceTree = "<group>"; };
		FC24505225FC92EF0086B600 /* GradingRequestService.swift */ = {isa = PBXFileReference; fileEncoding = 4; lastKnownFileType = sourcecode.swift; path = GradingRequestService.swift; sourceTree = "<group>"; };
		FC24505325FC92EF0086B600 /* RequestInfo.swift */ = {isa = PBXFileReference; fileEncoding = 4; lastKnownFileType = sourcecode.swift; path = RequestInfo.swift; sourceTree = "<group>"; };
		FC24508B25FC9E1F0086B600 /* AppService.swift */ = {isa = PBXFileReference; fileEncoding = 4; lastKnownFileType = sourcecode.swift; path = AppService.swift; sourceTree = "<group>"; };
		FC2450CA25FCA6400086B600 /* Supplier.swift */ = {isa = PBXFileReference; lastKnownFileType = sourcecode.swift; path = Supplier.swift; sourceTree = "<group>"; };
		FC2450CD25FCC02A0086B600 /* SupplierProfileCell.swift */ = {isa = PBXFileReference; lastKnownFileType = sourcecode.swift; path = SupplierProfileCell.swift; sourceTree = "<group>"; };
		FC50E71325E29F7100062210 /* SortTypeVC.swift */ = {isa = PBXFileReference; fileEncoding = 4; lastKnownFileType = sourcecode.swift; path = SortTypeVC.swift; sourceTree = "<group>"; };
		FC60C17425E2160500EA251A /* InventoryCell.swift */ = {isa = PBXFileReference; fileEncoding = 4; lastKnownFileType = sourcecode.swift; path = InventoryCell.swift; sourceTree = "<group>"; };
		FC60C17725E2160F00EA251A /* SupplierProfileVC.swift */ = {isa = PBXFileReference; fileEncoding = 4; lastKnownFileType = sourcecode.swift; path = SupplierProfileVC.swift; sourceTree = "<group>"; };
		FC60C17825E2160F00EA251A /* SupplierDetailVC.swift */ = {isa = PBXFileReference; fileEncoding = 4; lastKnownFileType = sourcecode.swift; path = SupplierDetailVC.swift; sourceTree = "<group>"; };
		FC60C17C25E2345600EA251A /* ProductDetailVC.swift */ = {isa = PBXFileReference; lastKnownFileType = sourcecode.swift; path = ProductDetailVC.swift; sourceTree = "<group>"; };
		FC60C17F25E2403E00EA251A /* FilterInventoryVC.swift */ = {isa = PBXFileReference; lastKnownFileType = sourcecode.swift; path = FilterInventoryVC.swift; sourceTree = "<group>"; };
		FC6F764725FF02DC00145C21 /* SoldTypeVC.swift */ = {isa = PBXFileReference; fileEncoding = 4; lastKnownFileType = sourcecode.swift; path = SoldTypeVC.swift; sourceTree = "<group>"; };
		FC6F764825FF02DC00145C21 /* FilterTypeVC.swift */ = {isa = PBXFileReference; fileEncoding = 4; lastKnownFileType = sourcecode.swift; path = FilterTypeVC.swift; sourceTree = "<group>"; };
		FC79604125FD1C6A008FB9C9 /* Faq.swift */ = {isa = PBXFileReference; lastKnownFileType = sourcecode.swift; path = Faq.swift; sourceTree = "<group>"; };
		FC79604625FD2314008FB9C9 /* User.swift */ = {isa = PBXFileReference; lastKnownFileType = sourcecode.swift; path = User.swift; sourceTree = "<group>"; };
		FCA992DC25E2CD0900E05207 /* UIKits.swift */ = {isa = PBXFileReference; fileEncoding = 4; lastKnownFileType = sourcecode.swift; path = UIKits.swift; sourceTree = "<group>"; };
		FCE2A8E725E02D91001CF1EA /* SettingVC.swift */ = {isa = PBXFileReference; fileEncoding = 4; lastKnownFileType = sourcecode.swift; path = SettingVC.swift; sourceTree = "<group>"; };
		FCE2A8E825E02D91001CF1EA /* SettingVC.xib */ = {isa = PBXFileReference; fileEncoding = 4; lastKnownFileType = file.xib; path = SettingVC.xib; sourceTree = "<group>"; };
		FCE2A8E925E02D91001CF1EA /* BaseVC.swift */ = {isa = PBXFileReference; fileEncoding = 4; lastKnownFileType = sourcecode.swift; path = BaseVC.swift; sourceTree = "<group>"; };
		FCE2A8EB25E02D91001CF1EA /* FaqVC.xib */ = {isa = PBXFileReference; fileEncoding = 4; lastKnownFileType = file.xib; path = FaqVC.xib; sourceTree = "<group>"; };
		FCE2A8ED25E02D91001CF1EA /* FaqCell.swift */ = {isa = PBXFileReference; fileEncoding = 4; lastKnownFileType = sourcecode.swift; path = FaqCell.swift; sourceTree = "<group>"; };
		FCE2A8EE25E02D91001CF1EA /* FaqCell.xib */ = {isa = PBXFileReference; fileEncoding = 4; lastKnownFileType = file.xib; path = FaqCell.xib; sourceTree = "<group>"; };
		FCE2A8EF25E02D91001CF1EA /* FaqVC.swift */ = {isa = PBXFileReference; fileEncoding = 4; lastKnownFileType = sourcecode.swift; path = FaqVC.swift; sourceTree = "<group>"; };
		FCE2A8F125E02D91001CF1EA /* ContactVC.xib */ = {isa = PBXFileReference; fileEncoding = 4; lastKnownFileType = file.xib; path = ContactVC.xib; sourceTree = "<group>"; };
		FCE2A8F225E02D91001CF1EA /* ContactVC.swift */ = {isa = PBXFileReference; fileEncoding = 4; lastKnownFileType = sourcecode.swift; path = ContactVC.swift; sourceTree = "<group>"; };
		FCE2A8F425E02D91001CF1EA /* ProfileInfoVC.xib */ = {isa = PBXFileReference; fileEncoding = 4; lastKnownFileType = file.xib; path = ProfileInfoVC.xib; sourceTree = "<group>"; };
		FCE2A8F525E02D91001CF1EA /* ProfileInfoVC.swift */ = {isa = PBXFileReference; fileEncoding = 4; lastKnownFileType = sourcecode.swift; path = ProfileInfoVC.swift; sourceTree = "<group>"; };
		FCE2A90325E02D9F001CF1EA /* SupplierCell.swift */ = {isa = PBXFileReference; fileEncoding = 4; lastKnownFileType = sourcecode.swift; path = SupplierCell.swift; sourceTree = "<group>"; };
		FCE2A90425E02D9F001CF1EA /* SupplierHeaderCell.swift */ = {isa = PBXFileReference; fileEncoding = 4; lastKnownFileType = sourcecode.swift; path = SupplierHeaderCell.swift; sourceTree = "<group>"; };
/* End PBXFileReference section */

/* Begin PBXFrameworksBuildPhase section */
		BCE06F6725CE6C8B0071CD3C /* Frameworks */ = {
			isa = PBXFrameworksBuildPhase;
			buildActionMask = 2147483647;
			files = (
				BD2980A2305323FDCFBE20C4 /* Pods_Grading.framework in Frameworks */,
			);
			runOnlyForDeploymentPostprocessing = 0;
		};
/* End PBXFrameworksBuildPhase section */

/* Begin PBXGroup section */
		1F9B42FB333FEB0AB27F5BB9 /* Frameworks */ = {
			isa = PBXGroup;
			children = (
				0AC86CB41FEF82E4BB0BD3AE /* Pods_Grading.framework */,
			);
			name = Frameworks;
			sourceTree = "<group>";
		};
		3209A76325E348FB008B6C76 /* Cells */ = {
			isa = PBXGroup;
			children = (
				FC60C17425E2160500EA251A /* InventoryCell.swift */,
				FC13AC5125E28C710098E50C /* ProductTypeCell.swift */,
			);
			path = Cells;
			sourceTree = "<group>";
		};
		4536217A25E1787500C4B45A /* Inventory */ = {
			isa = PBXGroup;
			children = (
				4536217D25E17A7900C4B45A /* SquareView.swift */,
				457C07C425E0F78800DE22CA /* GradingInventoryVC.swift */,
				4536217725E1784500C4B45A /* GradingInventoryScanVC.swift */,
			);
			path = Inventory;
			sourceTree = "<group>";
		};
		4536218525E17E3100C4B45A /* Product */ = {
			isa = PBXGroup;
			children = (
				45760C4825E10A89000E7C3D /* GradingProductVC.swift */,
			);
			path = Product;
			sourceTree = "<group>";
		};
		453D0F7125E13D3800F9F220 /* Defect */ = {
			isa = PBXGroup;
			children = (
				45760C5525E1242D000E7C3D /* GradingDefectVC.swift */,
				453D0F6E25E13D3000F9F220 /* GradingDefectInfoVC.swift */,
				453D0F7325E14A6000F9F220 /* GradingDefectIemVC.swift */,
			);
			path = Defect;
			sourceTree = "<group>";
		};
		453D0F8725E1684E00F9F220 /* Grading */ = {
			isa = PBXGroup;
			children = (
				453D0F8125E1596D00F9F220 /* GradingVC.swift */,
				453D0F8425E1684700F9F220 /* GradingInfoVC.swift */,
				453D0F8925E16BDE00F9F220 /* GradingItemVC.swift */,
			);
			path = Grading;
			sourceTree = "<group>";
		};
		4568EF7125E3087B00ED477D /* Cell */ = {
			isa = PBXGroup;
			children = (
				4568EF7225E3089E00ED477D /* GradingPhotoCell.swift */,
			);
			path = Cell;
			sourceTree = "<group>";
		};
		457EF5F225E09D290051AF10 /* Schedule */ = {
			isa = PBXGroup;
			children = (
				457EF5F325E09D290051AF10 /* LocationDetail */,
				457EF5F825E09D290051AF10 /* LocationPhoto */,
				457EF5FC25E09D290051AF10 /* ScheduleInfo */,
			);
			path = Schedule;
			sourceTree = "<group>";
		};
		457EF5F325E09D290051AF10 /* LocationDetail */ = {
			isa = PBXGroup;
			children = (
				457EF5F425E09D290051AF10 /* Cell */,
				457EF5F725E09D290051AF10 /* LocationDetailVC.swift */,
			);
			path = LocationDetail;
			sourceTree = "<group>";
		};
		457EF5F425E09D290051AF10 /* Cell */ = {
			isa = PBXGroup;
			children = (
				457EF5F525E09D290051AF10 /* LocationCell.swift */,
				457EF5F625E09D290051AF10 /* LocationNotesCell.swift */,
			);
			path = Cell;
			sourceTree = "<group>";
		};
		457EF5F825E09D290051AF10 /* LocationPhoto */ = {
			isa = PBXGroup;
			children = (
				457EF5F925E09D290051AF10 /* AddLocationPhotoVC.swift */,
				457EF5FA25E09D290051AF10 /* PhotoControlVC.swift */,
				457EF5FB25E09D290051AF10 /* PhotoReviewVC.swift */,
			);
			path = LocationPhoto;
			sourceTree = "<group>";
		};
		457EF5FC25E09D290051AF10 /* ScheduleInfo */ = {
			isa = PBXGroup;
			children = (
				457EF5FD25E09D290051AF10 /* AddAppointVC.swift */,
				457EF5FE25E09D290051AF10 /* Cell */,
				457EF60025E09D290051AF10 /* ScheduleDetailVC.swift */,
				457EF60125E09D290051AF10 /* ScheduleVC.swift */,
			);
			path = ScheduleInfo;
			sourceTree = "<group>";
		};
		457EF5FE25E09D290051AF10 /* Cell */ = {
			isa = PBXGroup;
			children = (
				457EF5FF25E09D290051AF10 /* ScheduleCell.swift */,
			);
			path = Cell;
			sourceTree = "<group>";
		};
		4589020325E2960F0049C6CD /* Material */ = {
			isa = PBXGroup;
			children = (
				4568EF7125E3087B00ED477D /* Cell */,
				4589020025E295970049C6CD /* GradingMaterialCaptureVC.swift */,
				4568EF5A25E2EA7D00ED477D /* GradingPhotoGuideVC.swift */,
				4568EF5D25E2EEE000ED477D /* GuidePhotoItemVC.swift */,
				4568EF6225E3044D00ED477D /* GradingPhotosVC.swift */,
				4568EF7625E31AE600ED477D /* PhotoPreviewVC.swift */,
			);
			path = Material;
			sourceTree = "<group>";
		};
		8E1E59385BEA9C88561BBE7D /* Pods */ = {
			isa = PBXGroup;
			children = (
				EE23D3ABD36EED13EED82D01 /* Pods-Grading.debug.xcconfig */,
				B6CAD70A6D5AA3171A28B25E /* Pods-Grading.release.xcconfig */,
			);
			path = Pods;
			sourceTree = "<group>";
		};
		B7802FF725E3989300D47C4A /* Toast */ = {
			isa = PBXGroup;
			children = (
				B7802FF825E3989300D47C4A /* Toast.swift */,
			);
			path = Toast;
			sourceTree = "<group>";
		};
		B79773B925DF9A2B00DBE149 /* Supports */ = {
			isa = PBXGroup;
			children = (
				B7802FF725E3989300D47C4A /* Toast */,
				FC13AC4A25E27C480098E50C /* WMSegment */,
				B79773F025DFBD2E00DBE149 /* CustomUI */,
				B79773E125DFB7B700DBE149 /* ImagePicker.swift */,
				B79773DC25DFB26B00DBE149 /* CameraController.swift */,
				B79773BA25DF9A3200DBE149 /* Fonts */,
			);
			path = Supports;
			sourceTree = "<group>";
		};
		B79773BA25DF9A3200DBE149 /* Fonts */ = {
			isa = PBXGroup;
			children = (
				B79773BB25DF9B2300DBE149 /* ProximaNova-Bold.ttf */,
				B79773BD25DF9B2300DBE149 /* ProximaNova-Regular.ttf */,
				B79773BC25DF9B2300DBE149 /* ProximaNova-Semibold.ttf */,
				B79773BE25DF9B2300DBE149 /* ProximaNova-Thin.ttf */,
			);
			path = Fonts;
			sourceTree = "<group>";
		};
		B79773C725DFA0D800DBE149 /* GradingProcess */ = {
			isa = PBXGroup;
			children = (
				B79773CC25DFA11C00DBE149 /* GradingProcessViewController.swift */,
				B79773C825DFA10B00DBE149 /* GradingProcessLabSeletedViewController.swift */,
				B79773D525DFB07400DBE149 /* GradingProcessLabPhotoViewController.swift */,
				B79773D825DFB08D00DBE149 /* GradingProcessLabPhotoPreviewViewController.swift */,
				B79773E425DFBA7600DBE149 /* GradingProcessLabDataViewController.swift */,
				B7691D2F25E3662D00CAA999 /* GradingProcessLabManualViewController.swift */,
				B79773E725DFBA8800DBE149 /* GradingProcessAppraisalViewController.swift */,
				B79773EA25DFBA9800DBE149 /* LotCompleteViewController.swift */,
				B79773ED25DFBAAA00DBE149 /* DuplicateInventoryViewController.swift */,
				4536218525E17E3100C4B45A /* Product */,
				4536217A25E1787500C4B45A /* Inventory */,
				453D0F7125E13D3800F9F220 /* Defect */,
				453D0F8725E1684E00F9F220 /* Grading */,
				4589020325E2960F0049C6CD /* Material */,
			);
			path = GradingProcess;
			sourceTree = "<group>";
		};
		B79773D025DFA52D00DBE149 /* BaseVC */ = {
			isa = PBXGroup;
			children = (
				FCE2A8E925E02D91001CF1EA /* BaseVC.swift */,
				B79773D125DFA54400DBE149 /* BaseNavigationController.swift */,
			);
			path = BaseVC;
			sourceTree = "<group>";
		};
		B79773F025DFBD2E00DBE149 /* CustomUI */ = {
			isa = PBXGroup;
			children = (
				454CB78625EED262009EA5CD /* CustomTrackingSlider.swift */,
				B79773F125DFBD4C00DBE149 /* CustomView.swift */,
				B79773F925DFBD6600DBE149 /* CustomTextField.swift */,
				B79773F525DFBD5300DBE149 /* CustomButton.swift */,
				B79773F425DFBD5300DBE149 /* CustomLabel.swift */,
				B7691D3425E366CC00CAA999 /* CanvasView.swift */,
				B761D12825E8A88D00ADD391 /* PercentTextField.swift */,
			);
			path = CustomUI;
			sourceTree = "<group>";
		};
		BC774DF325CF6AB30052B4EA /* Model */ = {
			isa = PBXGroup;
			children = (
				BC774DF425CF6AC40052B4EA /* Schedule.swift */,
				FC2450CA25FCA6400086B600 /* Supplier.swift */,
				FC79604125FD1C6A008FB9C9 /* Faq.swift */,
				FC79604625FD2314008FB9C9 /* User.swift */,
				FC20CF3225FDD6A1007D96E5 /* Inventory.swift */,
			);
			path = Model;
			sourceTree = "<group>";
		};
		BCE06F6125CE6C8A0071CD3C = {
			isa = PBXGroup;
			children = (
				BCE06F6C25CE6C8B0071CD3C /* Grading */,
				BCE06F6B25CE6C8B0071CD3C /* Products */,
				8E1E59385BEA9C88561BBE7D /* Pods */,
				1F9B42FB333FEB0AB27F5BB9 /* Frameworks */,
			);
			sourceTree = "<group>";
		};
		BCE06F6B25CE6C8B0071CD3C /* Products */ = {
			isa = PBXGroup;
			children = (
				BCE06F6A25CE6C8B0071CD3C /* Grading.app */,
			);
			name = Products;
			sourceTree = "<group>";
		};
		BCE06F6C25CE6C8B0071CD3C /* Grading */ = {
			isa = PBXGroup;
			children = (
				FC24505025FC92EF0086B600 /* ApiServices */,
				BC774DF325CF6AB30052B4EA /* Model */,
				BCE06F8425CE6CD60071CD3C /* ViewControllers */,
				BCE06F8525CE6CE70071CD3C /* Storyboards */,
				BCE06FD225CEC3AC0071CD3C /* Util */,
				BCE06F8625CE6CFD0071CD3C /* Resources */,
				B79773B925DF9A2B00DBE149 /* Supports */,
				BCE06FE825CECE6B0071CD3C /* Configuration */,
				BCE06F6D25CE6C8B0071CD3C /* AppDelegate.swift */,
				BCE06F7825CE6C8D0071CD3C /* LaunchScreen.storyboard */,
				BCE06F7B25CE6C8D0071CD3C /* Info.plist */,
			);
			path = Grading;
			sourceTree = "<group>";
		};
		BCE06F8425CE6CD60071CD3C /* ViewControllers */ = {
			isa = PBXGroup;
			children = (
				457EF5F225E09D290051AF10 /* Schedule */,
				FCE2A8F025E02D91001CF1EA /* Contact */,
				FCE2A8EA25E02D91001CF1EA /* FAQ */,
				FCE2A8F325E02D91001CF1EA /* ProfileInfo */,
				FCE2A8E625E02D91001CF1EA /* Setting */,
				B79773D025DFA52D00DBE149 /* BaseVC */,
				B79773C725DFA0D800DBE149 /* GradingProcess */,
				BCE06F8725CE6DE70071CD3C /* Account */,
				BCE06FD925CEC5E20071CD3C /* TabBar */,
				BCE06FF425CED1DD0071CD3C /* Suppliers */,
				BCE06FF925CED1F20071CD3C /* Inventory */,
			);
			path = ViewControllers;
			sourceTree = "<group>";
		};
		BCE06F8525CE6CE70071CD3C /* Storyboards */ = {
			isa = PBXGroup;
			children = (
				BCE06F8C25CE6E650071CD3C /* Account.storyboard */,
				BCE06F7325CE6C8B0071CD3C /* Schedule.storyboard */,
				BCE06FFE25CED2200071CD3C /* Suppliers.storyboard */,
				BCE0700125CED22B0071CD3C /* Inventory.storyboard */,
			);
			path = Storyboards;
			sourceTree = "<group>";
		};
		BCE06F8625CE6CFD0071CD3C /* Resources */ = {
			isa = PBXGroup;
			children = (
				BCE06F7625CE6C8D0071CD3C /* Assets.xcassets */,
				B79773AF25DF7F3300DBE149 /* Colors.xcassets */,
			);
			path = Resources;
			sourceTree = "<group>";
		};
		BCE06F8725CE6DE70071CD3C /* Account */ = {
			isa = PBXGroup;
			children = (
				BCE06F8825CE6E070071CD3C /* LoginVC.swift */,
				BCE06FB425CE8AF00071CD3C /* OnboardVC.swift */,
			);
			path = Account;
			sourceTree = "<group>";
		};
		BCE06FD225CEC3AC0071CD3C /* Util */ = {
			isa = PBXGroup;
			children = (
				BCE06FF025CED0740071CD3C /* Extension */,
				BCE06FD325CEC3C40071CD3C /* Utility.swift */,
			);
			path = Util;
			sourceTree = "<group>";
		};
		BCE06FD925CEC5E20071CD3C /* TabBar */ = {
			isa = PBXGroup;
			children = (
				BCE06FDB25CEC5E20071CD3C /* TabBarController.swift */,
				BCE06FDA25CEC5E20071CD3C /* TabBarController.storyboard */,
			);
			path = TabBar;
			sourceTree = "<group>";
		};
		BCE06FE825CECE6B0071CD3C /* Configuration */ = {
			isa = PBXGroup;
			children = (
				B75BE0B825F5BA8100DD0E65 /* GoogleService-Info.plist */,
			);
			path = Configuration;
			sourceTree = "<group>";
		};
		BCE06FF025CED0740071CD3C /* Extension */ = {
			isa = PBXGroup;
			children = (
				FCA992DC25E2CD0900E05207 /* UIKits.swift */,
				B79773B525DF98EE00DBE149 /* UIColorExtension+Helpers.swift */,
				B79773B225DF98E700DBE149 /* UIViewControllerExtensions.swift */,
				B79773C425DF9CF200DBE149 /* UIFontExtestion+Heplers.swift */,
				B7691D2325E351EB00CAA999 /* UITabelViewExtensions.swift */,
				B7691D2625E3520C00CAA999 /* UICollectionViewExtensions.swift */,
				B761D12525E8A63400ADD391 /* StringExtensions.swift */,
			);
			path = Extension;
			sourceTree = "<group>";
		};
		BCE06FF425CED1DD0071CD3C /* Suppliers */ = {
			isa = PBXGroup;
			children = (
				FC60C17825E2160F00EA251A /* SupplierDetailVC.swift */,
				FC60C17725E2160F00EA251A /* SupplierProfileVC.swift */,
				FCE2A90325E02D9F001CF1EA /* SupplierCell.swift */,
				FC2450CD25FCC02A0086B600 /* SupplierProfileCell.swift */,
				FCE2A90425E02D9F001CF1EA /* SupplierHeaderCell.swift */,
				BCE06FF525CED1EF0071CD3C /* SuppliersVC.swift */,
			);
			path = Suppliers;
			sourceTree = "<group>";
		};
		BCE06FF925CED1F20071CD3C /* Inventory */ = {
			isa = PBXGroup;
			children = (
				3209A76325E348FB008B6C76 /* Cells */,
				FC60C17F25E2403E00EA251A /* FilterInventoryVC.swift */,
				FC6F764825FF02DC00145C21 /* FilterTypeVC.swift */,
				BCE06FFA25CED2050071CD3C /* InventoryVC.swift */,
				3209A76425E34945008B6C76 /* PhotoDetailVC.swift */,
				FC60C17C25E2345600EA251A /* ProductDetailVC.swift */,
				FC13AC4E25E27FB60098E50C /* ProductTypeVC.swift */,
				FC6F764725FF02DC00145C21 /* SoldTypeVC.swift */,
				FC50E71325E29F7100062210 /* SortTypeVC.swift */,
			);
			path = Inventory;
			sourceTree = "<group>";
		};
		FC13AC4A25E27C480098E50C /* WMSegment */ = {
			isa = PBXGroup;
			children = (
				FC13AC4B25E27C480098E50C /* WMSegment.swift */,
			);
			path = WMSegment;
			sourceTree = "<group>";
		};
		FC24505025FC92EF0086B600 /* ApiServices */ = {
			isa = PBXGroup;
			children = (
				FC24505125FC92EF0086B600 /* Core */,
				FC24505425FC92EF0086B600 /* AppServices */,
			);
			path = ApiServices;
			sourceTree = "<group>";
		};
		FC24505125FC92EF0086B600 /* Core */ = {
			isa = PBXGroup;
			children = (
				FC24505225FC92EF0086B600 /* GradingRequestService.swift */,
				FC24505325FC92EF0086B600 /* RequestInfo.swift */,
			);
			path = Core;
			sourceTree = "<group>";
		};
		FC24505425FC92EF0086B600 /* AppServices */ = {
			isa = PBXGroup;
			children = (
				FC24508B25FC9E1F0086B600 /* AppService.swift */,
			);
			path = AppServices;
			sourceTree = "<group>";
		};
		FCE2A8E625E02D91001CF1EA /* Setting */ = {
			isa = PBXGroup;
			children = (
				FCE2A8E725E02D91001CF1EA /* SettingVC.swift */,
				FCE2A8E825E02D91001CF1EA /* SettingVC.xib */,
			);
			path = Setting;
			sourceTree = "<group>";
		};
		FCE2A8EA25E02D91001CF1EA /* FAQ */ = {
			isa = PBXGroup;
			children = (
				FCE2A8EB25E02D91001CF1EA /* FaqVC.xib */,
				FCE2A8EF25E02D91001CF1EA /* FaqVC.swift */,
				FCE2A8EC25E02D91001CF1EA /* Cells */,
			);
			path = FAQ;
			sourceTree = "<group>";
		};
		FCE2A8EC25E02D91001CF1EA /* Cells */ = {
			isa = PBXGroup;
			children = (
				FCE2A8ED25E02D91001CF1EA /* FaqCell.swift */,
				FCE2A8EE25E02D91001CF1EA /* FaqCell.xib */,
			);
			path = Cells;
			sourceTree = "<group>";
		};
		FCE2A8F025E02D91001CF1EA /* Contact */ = {
			isa = PBXGroup;
			children = (
				FCE2A8F125E02D91001CF1EA /* ContactVC.xib */,
				FCE2A8F225E02D91001CF1EA /* ContactVC.swift */,
			);
			path = Contact;
			sourceTree = "<group>";
		};
		FCE2A8F325E02D91001CF1EA /* ProfileInfo */ = {
			isa = PBXGroup;
			children = (
				FCE2A8F425E02D91001CF1EA /* ProfileInfoVC.xib */,
				FCE2A8F525E02D91001CF1EA /* ProfileInfoVC.swift */,
			);
			path = ProfileInfo;
			sourceTree = "<group>";
		};
/* End PBXGroup section */

/* Begin PBXNativeTarget section */
		BCE06F6925CE6C8B0071CD3C /* Grading */ = {
			isa = PBXNativeTarget;
			buildConfigurationList = BCE06F7E25CE6C8D0071CD3C /* Build configuration list for PBXNativeTarget "Grading" */;
			buildPhases = (
				C95FCA5326C2B0F263E1B31A /* [CP] Check Pods Manifest.lock */,
				BCE06F6625CE6C8B0071CD3C /* Sources */,
				BCE06F6725CE6C8B0071CD3C /* Frameworks */,
				BCE06F6825CE6C8B0071CD3C /* Resources */,
				580AF00833425C817D17526C /* [CP] Embed Pods Frameworks */,
				A7714A96ECE9D2B2028A2F18 /* [CP] Copy Pods Resources */,
			);
			buildRules = (
			);
			dependencies = (
			);
			name = Grading;
			productName = Grading;
			productReference = BCE06F6A25CE6C8B0071CD3C /* Grading.app */;
			productType = "com.apple.product-type.application";
		};
/* End PBXNativeTarget section */

/* Begin PBXProject section */
		BCE06F6225CE6C8A0071CD3C /* Project object */ = {
			isa = PBXProject;
			attributes = {
				LastSwiftUpdateCheck = 1200;
				LastUpgradeCheck = 1200;
				TargetAttributes = {
					BCE06F6925CE6C8B0071CD3C = {
						CreatedOnToolsVersion = 12.0.1;
					};
				};
			};
			buildConfigurationList = BCE06F6525CE6C8A0071CD3C /* Build configuration list for PBXProject "Grading" */;
			compatibilityVersion = "Xcode 9.3";
			developmentRegion = en;
			hasScannedForEncodings = 0;
			knownRegions = (
				en,
				Base,
			);
			mainGroup = BCE06F6125CE6C8A0071CD3C;
			productRefGroup = BCE06F6B25CE6C8B0071CD3C /* Products */;
			projectDirPath = "";
			projectRoot = "";
			targets = (
				BCE06F6925CE6C8B0071CD3C /* Grading */,
			);
		};
/* End PBXProject section */

/* Begin PBXResourcesBuildPhase section */
		BCE06F6825CE6C8B0071CD3C /* Resources */ = {
			isa = PBXResourcesBuildPhase;
			buildActionMask = 2147483647;
			files = (
				FCE2A90025E02D91001CF1EA /* ProfileInfoVC.xib in Resources */,
				B79773B025DF7F3300DBE149 /* Colors.xcassets in Resources */,
				B79773C025DF9B2300DBE149 /* ProximaNova-Semibold.ttf in Resources */,
				B79773C125DF9B2300DBE149 /* ProximaNova-Regular.ttf in Resources */,
				BCE06F7A25CE6C8D0071CD3C /* LaunchScreen.storyboard in Resources */,
				FCE2A8FE25E02D91001CF1EA /* ContactVC.xib in Resources */,
				FCE2A8FC25E02D91001CF1EA /* FaqCell.xib in Resources */,
				BCE0700225CED22B0071CD3C /* Inventory.storyboard in Resources */,
				FCE2A8F825E02D91001CF1EA /* SettingVC.xib in Resources */,
				BCE06F7725CE6C8D0071CD3C /* Assets.xcassets in Resources */,
				B79773BF25DF9B2300DBE149 /* ProximaNova-Bold.ttf in Resources */,
				B75BE0B925F5BA8200DD0E65 /* GoogleService-Info.plist in Resources */,
				BCE06FDC25CEC5E20071CD3C /* TabBarController.storyboard in Resources */,
				BCE06F8D25CE6E650071CD3C /* Account.storyboard in Resources */,
				FCE2A8FA25E02D91001CF1EA /* FaqVC.xib in Resources */,
				BCE06F7525CE6C8B0071CD3C /* Schedule.storyboard in Resources */,
				B79773C225DF9B2300DBE149 /* ProximaNova-Thin.ttf in Resources */,
				BCE06FFF25CED2200071CD3C /* Suppliers.storyboard in Resources */,
			);
			runOnlyForDeploymentPostprocessing = 0;
		};
/* End PBXResourcesBuildPhase section */

/* Begin PBXShellScriptBuildPhase section */
		580AF00833425C817D17526C /* [CP] Embed Pods Frameworks */ = {
			isa = PBXShellScriptBuildPhase;
			buildActionMask = 2147483647;
			files = (
			);
			inputFileListPaths = (
				"${PODS_ROOT}/Target Support Files/Pods-Grading/Pods-Grading-frameworks-${CONFIGURATION}-input-files.xcfilelist",
			);
			name = "[CP] Embed Pods Frameworks";
			outputFileListPaths = (
				"${PODS_ROOT}/Target Support Files/Pods-Grading/Pods-Grading-frameworks-${CONFIGURATION}-output-files.xcfilelist",
			);
			runOnlyForDeploymentPostprocessing = 0;
			shellPath = /bin/sh;
			shellScript = "\"${PODS_ROOT}/Target Support Files/Pods-Grading/Pods-Grading-frameworks.sh\"\n";
			showEnvVarsInLog = 0;
		};
		A7714A96ECE9D2B2028A2F18 /* [CP] Copy Pods Resources */ = {
			isa = PBXShellScriptBuildPhase;
			buildActionMask = 2147483647;
			files = (
			);
			inputFileListPaths = (
				"${PODS_ROOT}/Target Support Files/Pods-Grading/Pods-Grading-resources-${CONFIGURATION}-input-files.xcfilelist",
			);
			name = "[CP] Copy Pods Resources";
			outputFileListPaths = (
				"${PODS_ROOT}/Target Support Files/Pods-Grading/Pods-Grading-resources-${CONFIGURATION}-output-files.xcfilelist",
			);
			runOnlyForDeploymentPostprocessing = 0;
			shellPath = /bin/sh;
			shellScript = "\"${PODS_ROOT}/Target Support Files/Pods-Grading/Pods-Grading-resources.sh\"\n";
			showEnvVarsInLog = 0;
		};
		C95FCA5326C2B0F263E1B31A /* [CP] Check Pods Manifest.lock */ = {
			isa = PBXShellScriptBuildPhase;
			buildActionMask = 2147483647;
			files = (
			);
			inputFileListPaths = (
			);
			inputPaths = (
				"${PODS_PODFILE_DIR_PATH}/Podfile.lock",
				"${PODS_ROOT}/Manifest.lock",
			);
			name = "[CP] Check Pods Manifest.lock";
			outputFileListPaths = (
			);
			outputPaths = (
				"$(DERIVED_FILE_DIR)/Pods-Grading-checkManifestLockResult.txt",
			);
			runOnlyForDeploymentPostprocessing = 0;
			shellPath = /bin/sh;
			shellScript = "diff \"${PODS_PODFILE_DIR_PATH}/Podfile.lock\" \"${PODS_ROOT}/Manifest.lock\" > /dev/null\nif [ $? != 0 ] ; then\n    # print error to STDERR\n    echo \"error: The sandbox is not in sync with the Podfile.lock. Run 'pod install' or update your CocoaPods installation.\" >&2\n    exit 1\nfi\n# This output is used by Xcode 'outputs' to avoid re-running this script phase.\necho \"SUCCESS\" > \"${SCRIPT_OUTPUT_FILE_0}\"\n";
			showEnvVarsInLog = 0;
		};
/* End PBXShellScriptBuildPhase section */

/* Begin PBXSourcesBuildPhase section */
		BCE06F6625CE6C8B0071CD3C /* Sources */ = {
			isa = PBXSourcesBuildPhase;
			buildActionMask = 2147483647;
			files = (
				FC6F764B25FF02DC00145C21 /* FilterTypeVC.swift in Sources */,
				FCE2A8FB25E02D91001CF1EA /* FaqCell.swift in Sources */,
				4589020125E295970049C6CD /* GradingMaterialCaptureVC.swift in Sources */,
				45760C5625E1242D000E7C3D /* GradingDefectVC.swift in Sources */,
				B79773FA25DFBD6600DBE149 /* CustomTextField.swift in Sources */,
				BCE06FD425CEC3C40071CD3C /* Utility.swift in Sources */,
				457EF60725E09D290051AF10 /* PhotoReviewVC.swift in Sources */,
				B79773E825DFBA8800DBE149 /* GradingProcessAppraisalViewController.swift in Sources */,
				FC24506125FC92EF0086B600 /* RequestInfo.swift in Sources */,
				45760C4925E10A89000E7C3D /* GradingProductVC.swift in Sources */,
				FCE2A90125E02D91001CF1EA /* ProfileInfoVC.swift in Sources */,
				FC6F764A25FF02DC00145C21 /* SoldTypeVC.swift in Sources */,
				FC60C17925E2160F00EA251A /* SupplierProfileVC.swift in Sources */,
				B79773F725DFBD5300DBE149 /* CustomButton.swift in Sources */,
				FC79604225FD1C6A008FB9C9 /* Faq.swift in Sources */,
				4568EF7325E3089E00ED477D /* GradingPhotoCell.swift in Sources */,
				457EF60625E09D290051AF10 /* PhotoControlVC.swift in Sources */,
				453D0F8A25E16BDE00F9F220 /* GradingItemVC.swift in Sources */,
				45E3C0F725E3E91200B55B76 /* ProductTypeVC.swift in Sources */,
				BC774DF525CF6AC40052B4EA /* Schedule.swift in Sources */,
				FC20CF3325FDD6A1007D96E5 /* Inventory.swift in Sources */,
				454CB78725EED263009EA5CD /* CustomTrackingSlider.swift in Sources */,
				FC13AC4C25E27C490098E50C /* WMSegment.swift in Sources */,
				B761D12625E8A63400ADD391 /* StringExtensions.swift in Sources */,
				B79773EB25DFBA9800DBE149 /* LotCompleteViewController.swift in Sources */,
				457EF60925E09D290051AF10 /* ScheduleCell.swift in Sources */,
				FCE2A90625E02D9F001CF1EA /* SupplierHeaderCell.swift in Sources */,
				FCE2A90525E02D9F001CF1EA /* SupplierCell.swift in Sources */,
				FC13AC5225E28C710098E50C /* ProductTypeCell.swift in Sources */,
				457EF60B25E09D290051AF10 /* ScheduleVC.swift in Sources */,
				4568EF6325E3044D00ED477D /* GradingPhotosVC.swift in Sources */,
				4568EF5E25E2EEE000ED477D /* GuidePhotoItemVC.swift in Sources */,
				453D0F6F25E13D3000F9F220 /* GradingDefectInfoVC.swift in Sources */,
				FC2450CF25FCC02B0086B600 /* SupplierProfileCell.swift in Sources */,
				FCE2A8F925E02D91001CF1EA /* BaseVC.swift in Sources */,
				4536217825E1784500C4B45A /* GradingInventoryScanVC.swift in Sources */,
				457EF60825E09D290051AF10 /* AddAppointVC.swift in Sources */,
				B7802FF925E3989300D47C4A /* Toast.swift in Sources */,
				453D0F8225E1596D00F9F220 /* GradingVC.swift in Sources */,
				FC60C17D25E2345600EA251A /* ProductDetailVC.swift in Sources */,
				B7691D3025E3662D00CAA999 /* GradingProcessLabManualViewController.swift in Sources */,
				457EF60225E09D290051AF10 /* LocationCell.swift in Sources */,
				457EF60A25E09D290051AF10 /* ScheduleDetailVC.swift in Sources */,
				4568EF5B25E2EA7D00ED477D /* GradingPhotoGuideVC.swift in Sources */,
				45E3C0F925E3E92000B55B76 /* PhotoPreviewVC.swift in Sources */,
				FC79604725FD2314008FB9C9 /* User.swift in Sources */,
				FCE2A8F725E02D91001CF1EA /* SettingVC.swift in Sources */,
				FC24508C25FC9E1F0086B600 /* AppService.swift in Sources */,
				B79773B325DF98E700DBE149 /* UIViewControllerExtensions.swift in Sources */,
				B79773CD25DFA11C00DBE149 /* GradingProcessViewController.swift in Sources */,
				FCA992DD25E2CD0A00E05207 /* UIKits.swift in Sources */,
				FC60C18025E2403E00EA251A /* FilterInventoryVC.swift in Sources */,
				B79773E525DFBA7600DBE149 /* GradingProcessLabDataViewController.swift in Sources */,
				FC60C17525E2160500EA251A /* InventoryCell.swift in Sources */,
				BCE06FB525CE8AF00071CD3C /* OnboardVC.swift in Sources */,
				B79773F625DFBD5300DBE149 /* CustomLabel.swift in Sources */,
				B79773C525DF9CF200DBE149 /* UIFontExtestion+Heplers.swift in Sources */,
				B79773D625DFB07400DBE149 /* GradingProcessLabPhotoViewController.swift in Sources */,
				453D0F8525E1684700F9F220 /* GradingInfoVC.swift in Sources */,
				B79773D925DFB08D00DBE149 /* GradingProcessLabPhotoPreviewViewController.swift in Sources */,
				FCE2A8FF25E02D91001CF1EA /* ContactVC.swift in Sources */,
				B79773D225DFA54400DBE149 /* BaseNavigationController.swift in Sources */,
				BCE06FF625CED1EF0071CD3C /* SuppliersVC.swift in Sources */,
				457EF60325E09D290051AF10 /* LocationNotesCell.swift in Sources */,
				B79773C925DFA10B00DBE149 /* GradingProcessLabSeletedViewController.swift in Sources */,
				BCE06FDD25CEC5E20071CD3C /* TabBarController.swift in Sources */,
				FC24506025FC92EF0086B600 /* GradingRequestService.swift in Sources */,
				B7691D2425E351EB00CAA999 /* UITabelViewExtensions.swift in Sources */,
				FC2450CB25FCA6400086B600 /* Supplier.swift in Sources */,
				B761D12925E8A88D00ADD391 /* PercentTextField.swift in Sources */,
				B79773EE25DFBAAA00DBE149 /* DuplicateInventoryViewController.swift in Sources */,
				FC50E71425E29F7100062210 /* SortTypeVC.swift in Sources */,
				BCE06F6E25CE6C8B0071CD3C /* AppDelegate.swift in Sources */,
				B79773B625DF98EE00DBE149 /* UIColorExtension+Helpers.swift in Sources */,
				FC60C17A25E2160F00EA251A /* SupplierDetailVC.swift in Sources */,
				B79773F225DFBD4C00DBE149 /* CustomView.swift in Sources */,
				B7691D3525E366CC00CAA999 /* CanvasView.swift in Sources */,
				FCE2A8FD25E02D91001CF1EA /* FaqVC.swift in Sources */,
				457C07C525E0F78800DE22CA /* GradingInventoryVC.swift in Sources */,
				B79773DD25DFB26B00DBE149 /* CameraController.swift in Sources */,
				3209A76525E34945008B6C76 /* PhotoDetailVC.swift in Sources */,
				B79773E225DFB7B800DBE149 /* ImagePicker.swift in Sources */,
				BCE06FFB25CED2060071CD3C /* InventoryVC.swift in Sources */,
				BCE06F8925CE6E070071CD3C /* LoginVC.swift in Sources */,
				453D0F7425E14A6000F9F220 /* GradingDefectIemVC.swift in Sources */,
				4536217E25E17A7900C4B45A /* SquareView.swift in Sources */,
				B7691D2725E3520C00CAA999 /* UICollectionViewExtensions.swift in Sources */,
				457EF60525E09D290051AF10 /* AddLocationPhotoVC.swift in Sources */,
				457EF60425E09D290051AF10 /* LocationDetailVC.swift in Sources */,
			);
			runOnlyForDeploymentPostprocessing = 0;
		};
/* End PBXSourcesBuildPhase section */

/* Begin PBXVariantGroup section */
		BCE06F7325CE6C8B0071CD3C /* Schedule.storyboard */ = {
			isa = PBXVariantGroup;
			children = (
				BCE06F7425CE6C8B0071CD3C /* Base */,
			);
			name = Schedule.storyboard;
			sourceTree = "<group>";
		};
		BCE06F7825CE6C8D0071CD3C /* LaunchScreen.storyboard */ = {
			isa = PBXVariantGroup;
			children = (
				BCE06F7925CE6C8D0071CD3C /* Base */,
			);
			name = LaunchScreen.storyboard;
			sourceTree = "<group>";
		};
/* End PBXVariantGroup section */

/* Begin XCBuildConfiguration section */
		BCE06F7C25CE6C8D0071CD3C /* Debug */ = {
			isa = XCBuildConfiguration;
			buildSettings = {
				ALWAYS_SEARCH_USER_PATHS = NO;
				CLANG_ANALYZER_NONNULL = YES;
				CLANG_ANALYZER_NUMBER_OBJECT_CONVERSION = YES_AGGRESSIVE;
				CLANG_CXX_LANGUAGE_STANDARD = "gnu++14";
				CLANG_CXX_LIBRARY = "libc++";
				CLANG_ENABLE_MODULES = YES;
				CLANG_ENABLE_OBJC_ARC = YES;
				CLANG_ENABLE_OBJC_WEAK = YES;
				CLANG_WARN_BLOCK_CAPTURE_AUTORELEASING = YES;
				CLANG_WARN_BOOL_CONVERSION = YES;
				CLANG_WARN_COMMA = YES;
				CLANG_WARN_CONSTANT_CONVERSION = YES;
				CLANG_WARN_DEPRECATED_OBJC_IMPLEMENTATIONS = YES;
				CLANG_WARN_DIRECT_OBJC_ISA_USAGE = YES_ERROR;
				CLANG_WARN_DOCUMENTATION_COMMENTS = YES;
				CLANG_WARN_EMPTY_BODY = YES;
				CLANG_WARN_ENUM_CONVERSION = YES;
				CLANG_WARN_INFINITE_RECURSION = YES;
				CLANG_WARN_INT_CONVERSION = YES;
				CLANG_WARN_NON_LITERAL_NULL_CONVERSION = YES;
				CLANG_WARN_OBJC_IMPLICIT_RETAIN_SELF = YES;
				CLANG_WARN_OBJC_LITERAL_CONVERSION = YES;
				CLANG_WARN_OBJC_ROOT_CLASS = YES_ERROR;
				CLANG_WARN_QUOTED_INCLUDE_IN_FRAMEWORK_HEADER = YES;
				CLANG_WARN_RANGE_LOOP_ANALYSIS = YES;
				CLANG_WARN_STRICT_PROTOTYPES = YES;
				CLANG_WARN_SUSPICIOUS_MOVE = YES;
				CLANG_WARN_UNGUARDED_AVAILABILITY = YES_AGGRESSIVE;
				CLANG_WARN_UNREACHABLE_CODE = YES;
				CLANG_WARN__DUPLICATE_METHOD_MATCH = YES;
				COPY_PHASE_STRIP = NO;
				DEBUG_INFORMATION_FORMAT = dwarf;
				ENABLE_STRICT_OBJC_MSGSEND = YES;
				ENABLE_TESTABILITY = YES;
				GCC_C_LANGUAGE_STANDARD = gnu11;
				GCC_DYNAMIC_NO_PIC = NO;
				GCC_NO_COMMON_BLOCKS = YES;
				GCC_OPTIMIZATION_LEVEL = 0;
				GCC_PREPROCESSOR_DEFINITIONS = (
					"DEBUG=1",
					"$(inherited)",
				);
				GCC_WARN_64_TO_32_BIT_CONVERSION = YES;
				GCC_WARN_ABOUT_RETURN_TYPE = YES_ERROR;
				GCC_WARN_UNDECLARED_SELECTOR = YES;
				GCC_WARN_UNINITIALIZED_AUTOS = YES_AGGRESSIVE;
				GCC_WARN_UNUSED_FUNCTION = YES;
				GCC_WARN_UNUSED_VARIABLE = YES;
				IPHONEOS_DEPLOYMENT_TARGET = 14.0;
				MTL_ENABLE_DEBUG_INFO = INCLUDE_SOURCE;
				MTL_FAST_MATH = YES;
				ONLY_ACTIVE_ARCH = YES;
				SDKROOT = iphoneos;
				SWIFT_ACTIVE_COMPILATION_CONDITIONS = DEBUG;
				SWIFT_OPTIMIZATION_LEVEL = "-Onone";
			};
			name = Debug;
		};
		BCE06F7D25CE6C8D0071CD3C /* Release */ = {
			isa = XCBuildConfiguration;
			buildSettings = {
				ALWAYS_SEARCH_USER_PATHS = NO;
				CLANG_ANALYZER_NONNULL = YES;
				CLANG_ANALYZER_NUMBER_OBJECT_CONVERSION = YES_AGGRESSIVE;
				CLANG_CXX_LANGUAGE_STANDARD = "gnu++14";
				CLANG_CXX_LIBRARY = "libc++";
				CLANG_ENABLE_MODULES = YES;
				CLANG_ENABLE_OBJC_ARC = YES;
				CLANG_ENABLE_OBJC_WEAK = YES;
				CLANG_WARN_BLOCK_CAPTURE_AUTORELEASING = YES;
				CLANG_WARN_BOOL_CONVERSION = YES;
				CLANG_WARN_COMMA = YES;
				CLANG_WARN_CONSTANT_CONVERSION = YES;
				CLANG_WARN_DEPRECATED_OBJC_IMPLEMENTATIONS = YES;
				CLANG_WARN_DIRECT_OBJC_ISA_USAGE = YES_ERROR;
				CLANG_WARN_DOCUMENTATION_COMMENTS = YES;
				CLANG_WARN_EMPTY_BODY = YES;
				CLANG_WARN_ENUM_CONVERSION = YES;
				CLANG_WARN_INFINITE_RECURSION = YES;
				CLANG_WARN_INT_CONVERSION = YES;
				CLANG_WARN_NON_LITERAL_NULL_CONVERSION = YES;
				CLANG_WARN_OBJC_IMPLICIT_RETAIN_SELF = YES;
				CLANG_WARN_OBJC_LITERAL_CONVERSION = YES;
				CLANG_WARN_OBJC_ROOT_CLASS = YES_ERROR;
				CLANG_WARN_QUOTED_INCLUDE_IN_FRAMEWORK_HEADER = YES;
				CLANG_WARN_RANGE_LOOP_ANALYSIS = YES;
				CLANG_WARN_STRICT_PROTOTYPES = YES;
				CLANG_WARN_SUSPICIOUS_MOVE = YES;
				CLANG_WARN_UNGUARDED_AVAILABILITY = YES_AGGRESSIVE;
				CLANG_WARN_UNREACHABLE_CODE = YES;
				CLANG_WARN__DUPLICATE_METHOD_MATCH = YES;
				COPY_PHASE_STRIP = NO;
				DEBUG_INFORMATION_FORMAT = "dwarf-with-dsym";
				ENABLE_NS_ASSERTIONS = NO;
				ENABLE_STRICT_OBJC_MSGSEND = YES;
				GCC_C_LANGUAGE_STANDARD = gnu11;
				GCC_NO_COMMON_BLOCKS = YES;
				GCC_WARN_64_TO_32_BIT_CONVERSION = YES;
				GCC_WARN_ABOUT_RETURN_TYPE = YES_ERROR;
				GCC_WARN_UNDECLARED_SELECTOR = YES;
				GCC_WARN_UNINITIALIZED_AUTOS = YES_AGGRESSIVE;
				GCC_WARN_UNUSED_FUNCTION = YES;
				GCC_WARN_UNUSED_VARIABLE = YES;
				IPHONEOS_DEPLOYMENT_TARGET = 14.0;
				MTL_ENABLE_DEBUG_INFO = NO;
				MTL_FAST_MATH = YES;
				SDKROOT = iphoneos;
				SWIFT_COMPILATION_MODE = wholemodule;
				SWIFT_OPTIMIZATION_LEVEL = "-O";
				VALIDATE_PRODUCT = YES;
			};
			name = Release;
		};
		BCE06F7F25CE6C8D0071CD3C /* Debug */ = {
			isa = XCBuildConfiguration;
			baseConfigurationReference = EE23D3ABD36EED13EED82D01 /* Pods-Grading.debug.xcconfig */;
			buildSettings = {
				ASSETCATALOG_COMPILER_APPICON_NAME = AppIcon;
				ASSETCATALOG_COMPILER_GLOBAL_ACCENT_COLOR_NAME = AccentColor;
				CODE_SIGN_IDENTITY = "iPhone Distribution";
				CODE_SIGN_STYLE = Manual;
				CURRENT_PROJECT_VERSION = 2;
				DEVELOPMENT_TEAM = W9NJVXQD7B;
				INFOPLIST_FILE = Grading/Info.plist;
				IPHONEOS_DEPLOYMENT_TARGET = 13.0;
				LD_RUNPATH_SEARCH_PATHS = (
					"$(inherited)",
					"@executable_path/Frameworks",
				);
				PRODUCT_BUNDLE_IDENTIFIER = com.Grading.app;
				PRODUCT_NAME = "$(TARGET_NAME)";
				PROVISIONING_PROFILE_SPECIFIER = GradeProvision;
				SWIFT_VERSION = 5.0;
				TARGETED_DEVICE_FAMILY = "1,2";
			};
			name = Debug;
		};
		BCE06F8025CE6C8D0071CD3C /* Release */ = {
			isa = XCBuildConfiguration;
			baseConfigurationReference = B6CAD70A6D5AA3171A28B25E /* Pods-Grading.release.xcconfig */;
			buildSettings = {
				ASSETCATALOG_COMPILER_APPICON_NAME = AppIcon;
				ASSETCATALOG_COMPILER_GLOBAL_ACCENT_COLOR_NAME = AccentColor;
				CODE_SIGN_IDENTITY = "iPhone Distribution";
				CODE_SIGN_STYLE = Manual;
				CURRENT_PROJECT_VERSION = 2;
				DEVELOPMENT_TEAM = W9NJVXQD7B;
				INFOPLIST_FILE = Grading/Info.plist;
				IPHONEOS_DEPLOYMENT_TARGET = 13.0;
				LD_RUNPATH_SEARCH_PATHS = (
					"$(inherited)",
					"@executable_path/Frameworks",
				);
				PRODUCT_BUNDLE_IDENTIFIER = com.Grading.app;
				PRODUCT_NAME = "$(TARGET_NAME)";
				PROVISIONING_PROFILE_SPECIFIER = GradeProvision;
				SWIFT_VERSION = 5.0;
				TARGETED_DEVICE_FAMILY = "1,2";
			};
			name = Release;
		};
/* End XCBuildConfiguration section */

/* Begin XCConfigurationList section */
		BCE06F6525CE6C8A0071CD3C /* Build configuration list for PBXProject "Grading" */ = {
			isa = XCConfigurationList;
			buildConfigurations = (
				BCE06F7C25CE6C8D0071CD3C /* Debug */,
				BCE06F7D25CE6C8D0071CD3C /* Release */,
			);
			defaultConfigurationIsVisible = 0;
			defaultConfigurationName = Release;
		};
		BCE06F7E25CE6C8D0071CD3C /* Build configuration list for PBXNativeTarget "Grading" */ = {
			isa = XCConfigurationList;
			buildConfigurations = (
				BCE06F7F25CE6C8D0071CD3C /* Debug */,
				BCE06F8025CE6C8D0071CD3C /* Release */,
			);
			defaultConfigurationIsVisible = 0;
			defaultConfigurationName = Release;
		};
/* End XCConfigurationList section */
	};
	rootObject = BCE06F6225CE6C8A0071CD3C /* Project object */;
}
